
Microsoft Visual Studio Solution File, Format Version 12.00
# Visual Studio 2012
Project("{FAE04EC0-301F-11D3-BF4B-00C04F79EFBC}") = "EF-Split-Projector", "EF-Split-Projector\EF-Split-Projector.csproj", "{6DC0C044-DBC0-46F4-813C-4D4CA2928AC1}"
EndProject
Project("{FAE04EC0-301F-11D3-BF4B-00C04F79EFBC}") = "Tests", "Tests\Tests.csproj", "{9AD772EA-6E38-4107-B4EC-48D294215C39}"
EndProject
Global
	GlobalSection(SolutionConfigurationPlatforms) = preSolution
		Debug|Any CPU = Debug|Any CPU
		Release|Any CPU = Release|Any CPU
	EndGlobalSection
	GlobalSection(ProjectConfigurationPlatforms) = postSolution
		{6DC0C044-DBC0-46F4-813C-4D4CA2928AC1}.Debug|Any CPU.ActiveCfg = Debug|Any CPU
		{6DC0C044-DBC0-46F4-813C-4D4CA2928AC1}.Debug|Any CPU.Build.0 = Debug|Any CPU
		{6DC0C044-DBC0-46F4-813C-4D4CA2928AC1}.Release|Any CPU.ActiveCfg = Release|Any CPU
		{6DC0C044-DBC0-46F4-813C-4D4CA2928AC1}.Release|Any CPU.Build.0 = Release|Any CPU
		{9AD772EA-6E38-4107-B4EC-48D294215C39}.Debug|Any CPU.ActiveCfg = Debug|Any CPU
		{9AD772EA-6E38-4107-B4EC-48D294215C39}.Debug|Any CPU.Build.0 = Debug|Any CPU
		{9AD772EA-6E38-4107-B4EC-48D294215C39}.Release|Any CPU.ActiveCfg = Release|Any CPU
		{9AD772EA-6E38-4107-B4EC-48D294215C39}.Release|Any CPU.Build.0 = Release|Any CPU
	EndGlobalSection
	GlobalSection(SolutionProperties) = preSolution
		HideSolutionNode = FALSE
	EndGlobalSection
EndGlobal
